
Microsoft Visual Studio Solution File, Format Version 12.00
# Visual Studio 15
VisualStudioVersion = 15.0.28010.2041
MinimumVisualStudioVersion = 10.0.40219.1
Project("{FAE04EC0-301F-11D3-BF4B-00C04F79EFBC}") = "Morgengry", "Morgengry\Morgengry.csproj", "{17D745C7-5287-4046-94ED-4A768728CBF5}"
EndProject
Project("{FAE04EC0-301F-11D3-BF4B-00C04F79EFBC}") = "Test", "Test\Test.csproj", "{CDCD0532-FF66-47E7-BEEE-164EFB179698}"
EndProject
Global
	GlobalSection(SolutionConfigurationPlatforms) = preSolution
		Debug|Any CPU = Debug|Any CPU
		Release|Any CPU = Release|Any CPU
	EndGlobalSection
	GlobalSection(ProjectConfigurationPlatforms) = postSolution
		{17D745C7-5287-4046-94ED-4A768728CBF5}.Debug|Any CPU.ActiveCfg = Debug|Any CPU
		{17D745C7-5287-4046-94ED-4A768728CBF5}.Debug|Any CPU.Build.0 = Debug|Any CPU
		{17D745C7-5287-4046-94ED-4A768728CBF5}.Release|Any CPU.ActiveCfg = Release|Any CPU
		{17D745C7-5287-4046-94ED-4A768728CBF5}.Release|Any CPU.Build.0 = Release|Any CPU
		{CDCD0532-FF66-47E7-BEEE-164EFB179698}.Debug|Any CPU.ActiveCfg = Debug|Any CPU
		{CDCD0532-FF66-47E7-BEEE-164EFB179698}.Debug|Any CPU.Build.0 = Debug|Any CPU
		{CDCD0532-FF66-47E7-BEEE-164EFB179698}.Release|Any CPU.ActiveCfg = Release|Any CPU
		{CDCD0532-FF66-47E7-BEEE-164EFB179698}.Release|Any CPU.Build.0 = Release|Any CPU
	EndGlobalSection
	GlobalSection(SolutionProperties) = preSolution
		HideSolutionNode = FALSE
	EndGlobalSection
	GlobalSection(ExtensibilityGlobals) = postSolution
		SolutionGuid = {3CA0FEA5-93E7-4BF8-A0CB-E69EAFAFBAB6}
	EndGlobalSection
EndGlobal
